// !$*UTF8*$!
{
	archiveVersion = 1;
	classes = {
	};
	objectVersion = 48;
	objects = {

/* Begin PBXBuildFile section */
		0807D42220BD6946009D413F /* AppDelegate.swift in Sources */ = {isa = PBXBuildFile; fileRef = 0807D42120BD6946009D413F /* AppDelegate.swift */; };
		0807D42720BD6946009D413F /* Main.storyboard in Resources */ = {isa = PBXBuildFile; fileRef = 0807D42520BD6946009D413F /* Main.storyboard */; };
		0807D42920BD6946009D413F /* Assets.xcassets in Resources */ = {isa = PBXBuildFile; fileRef = 0807D42820BD6946009D413F /* Assets.xcassets */; };
		0807D42C20BD6946009D413F /* LaunchScreen.storyboard in Resources */ = {isa = PBXBuildFile; fileRef = 0807D42A20BD6946009D413F /* LaunchScreen.storyboard */; };
		0807D43720BD6947009D413F /* ConnectFourTests.swift in Sources */ = {isa = PBXBuildFile; fileRef = 0807D43620BD6947009D413F /* ConnectFourTests.swift */; };
		0807D44220BD6947009D413F /* ConnectFourUITests.swift in Sources */ = {isa = PBXBuildFile; fileRef = 0807D44120BD6947009D413F /* ConnectFourUITests.swift */; };
		0816C68821B9A3C100B8DAFD /* GameController.swift in Sources */ = {isa = PBXBuildFile; fileRef = 0816C68721B9A3C100B8DAFD /* GameController.swift */; };
		0818D939234F2244000F49D8 /* SVProgressHUD+Rx.swift in Sources */ = {isa = PBXBuildFile; fileRef = 0818D938234F2244000F49D8 /* SVProgressHUD+Rx.swift */; };
		0818D93B234F4D27000F49D8 /* GameProtocol.swift in Sources */ = {isa = PBXBuildFile; fileRef = 0818D93A234F4D27000F49D8 /* GameProtocol.swift */; };
		081A567A234865FA0085C130 /* SVProgressHUD.framework in Frameworks */ = {isa = PBXBuildFile; fileRef = 081A5676234865FA0085C130 /* SVProgressHUD.framework */; };
		081A567B234865FA0085C130 /* RxCocoa.framework in Frameworks */ = {isa = PBXBuildFile; fileRef = 081A5677234865FA0085C130 /* RxCocoa.framework */; };
		081A567C234865FA0085C130 /* RxSwift.framework in Frameworks */ = {isa = PBXBuildFile; fileRef = 081A5678234865FA0085C130 /* RxSwift.framework */; };
		081A567D234865FA0085C130 /* RxRelay.framework in Frameworks */ = {isa = PBXBuildFile; fileRef = 081A5679234865FA0085C130 /* RxRelay.framework */; };
		081A567F234871160085C130 /* RxCocoa.framework in Frameworks */ = {isa = PBXBuildFile; fileRef = 081A5677234865FA0085C130 /* RxCocoa.framework */; };
		081A5680234871160085C130 /* RxCocoa.framework in Embed Frameworks */ = {isa = PBXBuildFile; fileRef = 081A5677234865FA0085C130 /* RxCocoa.framework */; settings = {ATTRIBUTES = (CodeSignOnCopy, RemoveHeadersOnCopy, ); }; };
		081A5681234871160085C130 /* RxRelay.framework in Frameworks */ = {isa = PBXBuildFile; fileRef = 081A5679234865FA0085C130 /* RxRelay.framework */; };
		081A5682234871160085C130 /* RxRelay.framework in Embed Frameworks */ = {isa = PBXBuildFile; fileRef = 081A5679234865FA0085C130 /* RxRelay.framework */; settings = {ATTRIBUTES = (CodeSignOnCopy, RemoveHeadersOnCopy, ); }; };
		081A5683234871160085C130 /* RxSwift.framework in Frameworks */ = {isa = PBXBuildFile; fileRef = 081A5678234865FA0085C130 /* RxSwift.framework */; };
		081A5684234871160085C130 /* RxSwift.framework in Embed Frameworks */ = {isa = PBXBuildFile; fileRef = 081A5678234865FA0085C130 /* RxSwift.framework */; settings = {ATTRIBUTES = (CodeSignOnCopy, RemoveHeadersOnCopy, ); }; };
		081A5685234871160085C130 /* SVProgressHUD.framework in Frameworks */ = {isa = PBXBuildFile; fileRef = 081A5676234865FA0085C130 /* SVProgressHUD.framework */; };
		081A5686234871160085C130 /* SVProgressHUD.framework in Embed Frameworks */ = {isa = PBXBuildFile; fileRef = 081A5676234865FA0085C130 /* SVProgressHUD.framework */; settings = {ATTRIBUTES = (CodeSignOnCopy, RemoveHeadersOnCopy, ); }; };
		081A568A23487A6A0085C130 /* ServiceProtocol.swift in Sources */ = {isa = PBXBuildFile; fileRef = 081A568923487A6A0085C130 /* ServiceProtocol.swift */; };
		081A568D23487B8A0085C130 /* Constants.swift in Sources */ = {isa = PBXBuildFile; fileRef = 081A568C23487B8A0085C130 /* Constants.swift */; };
		081A568F23487E890085C130 /* GameError.swift in Sources */ = {isa = PBXBuildFile; fileRef = 081A568E23487E890085C130 /* GameError.swift */; };
		081A5691234882220085C130 /* ViewModelProtocol.swift in Sources */ = {isa = PBXBuildFile; fileRef = 081A5690234882220085C130 /* ViewModelProtocol.swift */; };
		08B7A48720BEC29E00AE7642 /* GameViewModel.swift in Sources */ = {isa = PBXBuildFile; fileRef = 08B7A48620BEC29E00AE7642 /* GameViewModel.swift */; };
		08B7A48920BEC30300AE7642 /* Player.swift in Sources */ = {isa = PBXBuildFile; fileRef = 08B7A48820BEC30300AE7642 /* Player.swift */; };
		08B7A48B20BEC33700AE7642 /* Game.swift in Sources */ = {isa = PBXBuildFile; fileRef = 08B7A48A20BEC33700AE7642 /* Game.swift */; };
		08B7A48D20BEC36B00AE7642 /* Chip.swift in Sources */ = {isa = PBXBuildFile; fileRef = 08B7A48C20BEC36B00AE7642 /* Chip.swift */; };
		08B7A48F20BEC42800AE7642 /* Utils.swift in Sources */ = {isa = PBXBuildFile; fileRef = 08B7A48E20BEC42800AE7642 /* Utils.swift */; };
		08B7A49120BED1E500AE7642 /* BlackistAPI.swift in Sources */ = {isa = PBXBuildFile; fileRef = 08B7A49020BED1E500AE7642 /* BlackistAPI.swift */; };
		08B7A49320BED30100AE7642 /* GameConfig.swift in Sources */ = {isa = PBXBuildFile; fileRef = 08B7A49220BED30100AE7642 /* GameConfig.swift */; };
/* End PBXBuildFile section */

/* Begin PBXContainerItemProxy section */
		0807D43320BD6947009D413F /* PBXContainerItemProxy */ = {
			isa = PBXContainerItemProxy;
			containerPortal = 0807D41620BD6946009D413F /* Project object */;
			proxyType = 1;
			remoteGlobalIDString = 0807D41D20BD6946009D413F;
			remoteInfo = ConnectFour;
		};
		0807D43E20BD6947009D413F /* PBXContainerItemProxy */ = {
			isa = PBXContainerItemProxy;
			containerPortal = 0807D41620BD6946009D413F /* Project object */;
			proxyType = 1;
			remoteGlobalIDString = 0807D41D20BD6946009D413F;
			remoteInfo = ConnectFour;
		};
/* End PBXContainerItemProxy section */

/* Begin PBXCopyFilesBuildPhase section */
		081A5687234871160085C130 /* Embed Frameworks */ = {
			isa = PBXCopyFilesBuildPhase;
			buildActionMask = 2147483647;
			dstPath = "";
			dstSubfolderSpec = 10;
			files = (
				081A5682234871160085C130 /* RxRelay.framework in Embed Frameworks */,
				081A5680234871160085C130 /* RxCocoa.framework in Embed Frameworks */,
				081A5686234871160085C130 /* SVProgressHUD.framework in Embed Frameworks */,
				081A5684234871160085C130 /* RxSwift.framework in Embed Frameworks */,
			);
			name = "Embed Frameworks";
			runOnlyForDeploymentPostprocessing = 0;
		};
/* End PBXCopyFilesBuildPhase section */

/* Begin PBXFileReference section */
		0807D41E20BD6946009D413F /* ConnectFour.app */ = {isa = PBXFileReference; explicitFileType = wrapper.application; includeInIndex = 0; path = ConnectFour.app; sourceTree = BUILT_PRODUCTS_DIR; };
		0807D42120BD6946009D413F /* AppDelegate.swift */ = {isa = PBXFileReference; lastKnownFileType = sourcecode.swift; path = AppDelegate.swift; sourceTree = "<group>"; };
		0807D42620BD6946009D413F /* Base */ = {isa = PBXFileReference; lastKnownFileType = file.storyboard; name = Base; path = Base.lproj/Main.storyboard; sourceTree = "<group>"; };
		0807D42820BD6946009D413F /* Assets.xcassets */ = {isa = PBXFileReference; lastKnownFileType = folder.assetcatalog; path = Assets.xcassets; sourceTree = "<group>"; };
		0807D42B20BD6946009D413F /* Base */ = {isa = PBXFileReference; lastKnownFileType = file.storyboard; name = Base; path = Base.lproj/LaunchScreen.storyboard; sourceTree = "<group>"; };
		0807D42D20BD6946009D413F /* Info.plist */ = {isa = PBXFileReference; lastKnownFileType = text.plist.xml; path = Info.plist; sourceTree = "<group>"; };
		0807D43220BD6947009D413F /* ConnectFourTests.xctest */ = {isa = PBXFileReference; explicitFileType = wrapper.cfbundle; includeInIndex = 0; path = ConnectFourTests.xctest; sourceTree = BUILT_PRODUCTS_DIR; };
		0807D43620BD6947009D413F /* ConnectFourTests.swift */ = {isa = PBXFileReference; lastKnownFileType = sourcecode.swift; path = ConnectFourTests.swift; sourceTree = "<group>"; };
		0807D43820BD6947009D413F /* Info.plist */ = {isa = PBXFileReference; lastKnownFileType = text.plist.xml; path = Info.plist; sourceTree = "<group>"; };
		0807D43D20BD6947009D413F /* ConnectFourUITests.xctest */ = {isa = PBXFileReference; explicitFileType = wrapper.cfbundle; includeInIndex = 0; path = ConnectFourUITests.xctest; sourceTree = BUILT_PRODUCTS_DIR; };
		0807D44120BD6947009D413F /* ConnectFourUITests.swift */ = {isa = PBXFileReference; lastKnownFileType = sourcecode.swift; path = ConnectFourUITests.swift; sourceTree = "<group>"; };
		0807D44320BD6947009D413F /* Info.plist */ = {isa = PBXFileReference; lastKnownFileType = text.plist.xml; path = Info.plist; sourceTree = "<group>"; };
		0816C68721B9A3C100B8DAFD /* GameController.swift */ = {isa = PBXFileReference; fileEncoding = 4; lastKnownFileType = sourcecode.swift; name = GameController.swift; path = View/GameController.swift; sourceTree = "<group>"; };
		0818D938234F2244000F49D8 /* SVProgressHUD+Rx.swift */ = {isa = PBXFileReference; lastKnownFileType = sourcecode.swift; path = "SVProgressHUD+Rx.swift"; sourceTree = "<group>"; };
		0818D93A234F4D27000F49D8 /* GameProtocol.swift */ = {isa = PBXFileReference; lastKnownFileType = sourcecode.swift; path = GameProtocol.swift; sourceTree = "<group>"; };
		081A5676234865FA0085C130 /* SVProgressHUD.framework */ = {isa = PBXFileReference; lastKnownFileType = wrapper.framework; name = SVProgressHUD.framework; path = Carthage/Build/iOS/SVProgressHUD.framework; sourceTree = "<group>"; };
		081A5677234865FA0085C130 /* RxCocoa.framework */ = {isa = PBXFileReference; lastKnownFileType = wrapper.framework; name = RxCocoa.framework; path = Carthage/Build/iOS/RxCocoa.framework; sourceTree = "<group>"; };
		081A5678234865FA0085C130 /* RxSwift.framework */ = {isa = PBXFileReference; lastKnownFileType = wrapper.framework; name = RxSwift.framework; path = Carthage/Build/iOS/RxSwift.framework; sourceTree = "<group>"; };
		081A5679234865FA0085C130 /* RxRelay.framework */ = {isa = PBXFileReference; lastKnownFileType = wrapper.framework; name = RxRelay.framework; path = Carthage/Build/iOS/RxRelay.framework; sourceTree = "<group>"; };
		081A568923487A6A0085C130 /* ServiceProtocol.swift */ = {isa = PBXFileReference; lastKnownFileType = sourcecode.swift; path = ServiceProtocol.swift; sourceTree = "<group>"; };
		081A568C23487B8A0085C130 /* Constants.swift */ = {isa = PBXFileReference; lastKnownFileType = sourcecode.swift; path = Constants.swift; sourceTree = "<group>"; };
		081A568E23487E890085C130 /* GameError.swift */ = {isa = PBXFileReference; lastKnownFileType = sourcecode.swift; path = GameError.swift; sourceTree = "<group>"; };
		081A5690234882220085C130 /* ViewModelProtocol.swift */ = {isa = PBXFileReference; lastKnownFileType = sourcecode.swift; path = ViewModelProtocol.swift; sourceTree = "<group>"; };
		08B7A48620BEC29E00AE7642 /* GameViewModel.swift */ = {isa = PBXFileReference; lastKnownFileType = sourcecode.swift; name = GameViewModel.swift; path = ViewModel/GameViewModel.swift; sourceTree = "<group>"; };
		08B7A48820BEC30300AE7642 /* Player.swift */ = {isa = PBXFileReference; lastKnownFileType = sourcecode.swift; name = Player.swift; path = Model/Player.swift; sourceTree = "<group>"; };
		08B7A48A20BEC33700AE7642 /* Game.swift */ = {isa = PBXFileReference; lastKnownFileType = sourcecode.swift; name = Game.swift; path = Model/Game.swift; sourceTree = "<group>"; };
		08B7A48C20BEC36B00AE7642 /* Chip.swift */ = {isa = PBXFileReference; lastKnownFileType = sourcecode.swift; name = Chip.swift; path = View/Chip.swift; sourceTree = "<group>"; };
		08B7A48E20BEC42800AE7642 /* Utils.swift */ = {isa = PBXFileReference; lastKnownFileType = sourcecode.swift; name = Utils.swift; path = "Supporting Files/Utils.swift"; sourceTree = "<group>"; };
		08B7A49020BED1E500AE7642 /* BlackistAPI.swift */ = {isa = PBXFileReference; lastKnownFileType = sourcecode.swift; name = BlackistAPI.swift; path = Model/BlackistAPI.swift; sourceTree = "<group>"; };
		08B7A49220BED30100AE7642 /* GameConfig.swift */ = {isa = PBXFileReference; lastKnownFileType = sourcecode.swift; name = GameConfig.swift; path = Model/GameConfig.swift; sourceTree = "<group>"; };
		08B7A49420BEED2F00AE7642 /* README.md */ = {isa = PBXFileReference; lastKnownFileType = net.daringfireball.markdown; path = README.md; sourceTree = "<group>"; };
/* End PBXFileReference section */

/* Begin PBXFrameworksBuildPhase section */
		0807D41B20BD6946009D413F /* Frameworks */ = {
			isa = PBXFrameworksBuildPhase;
			buildActionMask = 2147483647;
			files = (
				081A567A234865FA0085C130 /* SVProgressHUD.framework in Frameworks */,
				081A567B234865FA0085C130 /* RxCocoa.framework in Frameworks */,
				081A5685234871160085C130 /* SVProgressHUD.framework in Frameworks */,
				081A5683234871160085C130 /* RxSwift.framework in Frameworks */,
				081A5681234871160085C130 /* RxRelay.framework in Frameworks */,
				081A567C234865FA0085C130 /* RxSwift.framework in Frameworks */,
				081A567F234871160085C130 /* RxCocoa.framework in Frameworks */,
				081A567D234865FA0085C130 /* RxRelay.framework in Frameworks */,
			);
			runOnlyForDeploymentPostprocessing = 0;
		};
		0807D42F20BD6947009D413F /* Frameworks */ = {
			isa = PBXFrameworksBuildPhase;
			buildActionMask = 2147483647;
			files = (
			);
			runOnlyForDeploymentPostprocessing = 0;
		};
		0807D43A20BD6947009D413F /* Frameworks */ = {
			isa = PBXFrameworksBuildPhase;
			buildActionMask = 2147483647;
			files = (
			);
			runOnlyForDeploymentPostprocessing = 0;
		};
/* End PBXFrameworksBuildPhase section */

/* Begin PBXGroup section */
		0807D41520BD6946009D413F = {
			isa = PBXGroup;
			children = (
				0807D42020BD6946009D413F /* ConnectFour */,
				0807D43520BD6947009D413F /* ConnectFourTests */,
				0807D44020BD6947009D413F /* ConnectFourUITests */,
				0807D41F20BD6946009D413F /* Products */,
				8837A5CB410E9C8D6EAC54F9 /* Frameworks */,
			);
			sourceTree = "<group>";
		};
		0807D41F20BD6946009D413F /* Products */ = {
			isa = PBXGroup;
			children = (
				0807D41E20BD6946009D413F /* ConnectFour.app */,
				0807D43220BD6947009D413F /* ConnectFourTests.xctest */,
				0807D43D20BD6947009D413F /* ConnectFourUITests.xctest */,
			);
			name = Products;
			sourceTree = "<group>";
		};
		0807D42020BD6946009D413F /* ConnectFour */ = {
			isa = PBXGroup;
			children = (
				081A568B23487B760085C130 /* Utils */,
				081A568823487A440085C130 /* Protocols */,
				0807D45220BD699F009D413F /* ViewModel */,
				0807D45120BD6994009D413F /* View */,
				0807D45020BD698B009D413F /* Model */,
				0807D44F20BD6962009D413F /* Supporting Files */,
				08B7A49420BEED2F00AE7642 /* README.md */,
			);
			path = ConnectFour;
			sourceTree = "<group>";
		};
		0807D43520BD6947009D413F /* ConnectFourTests */ = {
			isa = PBXGroup;
			children = (
				0807D43620BD6947009D413F /* ConnectFourTests.swift */,
				0807D43820BD6947009D413F /* Info.plist */,
			);
			path = ConnectFourTests;
			sourceTree = "<group>";
		};
		0807D44020BD6947009D413F /* ConnectFourUITests */ = {
			isa = PBXGroup;
			children = (
				0807D44120BD6947009D413F /* ConnectFourUITests.swift */,
				0807D44320BD6947009D413F /* Info.plist */,
			);
			path = ConnectFourUITests;
			sourceTree = "<group>";
		};
		0807D44F20BD6962009D413F /* Supporting Files */ = {
			isa = PBXGroup;
			children = (
				0807D42120BD6946009D413F /* AppDelegate.swift */,
				0807D42820BD6946009D413F /* Assets.xcassets */,
				0807D42A20BD6946009D413F /* LaunchScreen.storyboard */,
				0807D42D20BD6946009D413F /* Info.plist */,
				08B7A48E20BEC42800AE7642 /* Utils.swift */,
			);
			name = "Supporting Files";
			sourceTree = "<group>";
		};
		0807D45020BD698B009D413F /* Model */ = {
			isa = PBXGroup;
			children = (
				08B7A48820BEC30300AE7642 /* Player.swift */,
				08B7A49220BED30100AE7642 /* GameConfig.swift */,
				081A568E23487E890085C130 /* GameError.swift */,
			);
			name = Model;
			sourceTree = "<group>";
		};
		0807D45120BD6994009D413F /* View */ = {
			isa = PBXGroup;
			children = (
				0816C68721B9A3C100B8DAFD /* GameController.swift */,
				0807D42520BD6946009D413F /* Main.storyboard */,
				08B7A48C20BEC36B00AE7642 /* Chip.swift */,
			);
			name = View;
			sourceTree = "<group>";
		};
		0807D45220BD699F009D413F /* ViewModel */ = {
			isa = PBXGroup;
			children = (
				08B7A48A20BEC33700AE7642 /* Game.swift */,
				08B7A49020BED1E500AE7642 /* BlackistAPI.swift */,
				08B7A48620BEC29E00AE7642 /* GameViewModel.swift */,
			);
			name = ViewModel;
			sourceTree = "<group>";
		};
		081A568823487A440085C130 /* Protocols */ = {
			isa = PBXGroup;
			children = (
				081A568923487A6A0085C130 /* ServiceProtocol.swift */,
				081A5690234882220085C130 /* ViewModelProtocol.swift */,
				0818D93A234F4D27000F49D8 /* GameProtocol.swift */,
			);
			path = Protocols;
			sourceTree = "<group>";
		};
		081A568B23487B760085C130 /* Utils */ = {
			isa = PBXGroup;
			children = (
				081A568C23487B8A0085C130 /* Constants.swift */,
				0818D938234F2244000F49D8 /* SVProgressHUD+Rx.swift */,
			);
			path = Utils;
			sourceTree = "<group>";
		};
		8837A5CB410E9C8D6EAC54F9 /* Frameworks */ = {
			isa = PBXGroup;
			children = (
				081A5677234865FA0085C130 /* RxCocoa.framework */,
				081A5679234865FA0085C130 /* RxRelay.framework */,
				081A5678234865FA0085C130 /* RxSwift.framework */,
				081A5676234865FA0085C130 /* SVProgressHUD.framework */,
			);
			name = Frameworks;
			sourceTree = "<group>";
		};
/* End PBXGroup section */

/* Begin PBXNativeTarget section */
		0807D41D20BD6946009D413F /* ConnectFour */ = {
			isa = PBXNativeTarget;
			buildConfigurationList = 0807D44620BD6947009D413F /* Build configuration list for PBXNativeTarget "ConnectFour" */;
			buildPhases = (
				0807D41A20BD6946009D413F /* Sources */,
				0807D41B20BD6946009D413F /* Frameworks */,
				0807D41C20BD6946009D413F /* Resources */,
				081A567E2348660D0085C130 /* ShellScript */,
				081A5687234871160085C130 /* Embed Frameworks */,
			);
			buildRules = (
			);
			dependencies = (
			);
			name = ConnectFour;
			productName = ConnectFour;
			productReference = 0807D41E20BD6946009D413F /* ConnectFour.app */;
			productType = "com.apple.product-type.application";
		};
		0807D43120BD6947009D413F /* ConnectFourTests */ = {
			isa = PBXNativeTarget;
			buildConfigurationList = 0807D44920BD6947009D413F /* Build configuration list for PBXNativeTarget "ConnectFourTests" */;
			buildPhases = (
				D445D94FB14814D0770080A3 /* [CP] Check Pods Manifest.lock */,
				0807D42E20BD6947009D413F /* Sources */,
				0807D42F20BD6947009D413F /* Frameworks */,
				0807D43020BD6947009D413F /* Resources */,
				523C3BB88D7694F78B80F7FD /* [CP] Embed Pods Frameworks */,
				502B87E4CD2569A2FEB5EA2A /* [CP] Copy Pods Resources */,
			);
			buildRules = (
			);
			dependencies = (
				0807D43420BD6947009D413F /* PBXTargetDependency */,
			);
			name = ConnectFourTests;
			productName = ConnectFourTests;
			productReference = 0807D43220BD6947009D413F /* ConnectFourTests.xctest */;
			productType = "com.apple.product-type.bundle.unit-test";
		};
		0807D43C20BD6947009D413F /* ConnectFourUITests */ = {
			isa = PBXNativeTarget;
			buildConfigurationList = 0807D44C20BD6947009D413F /* Build configuration list for PBXNativeTarget "ConnectFourUITests" */;
			buildPhases = (
				25EBFD6CDB6259A55D8C3036 /* [CP] Check Pods Manifest.lock */,
				0807D43920BD6947009D413F /* Sources */,
				0807D43A20BD6947009D413F /* Frameworks */,
				0807D43B20BD6947009D413F /* Resources */,
				D1AF10423CB58485B6E19967 /* [CP] Embed Pods Frameworks */,
				6454142221A1FD8A71BF9F7C /* [CP] Copy Pods Resources */,
			);
			buildRules = (
			);
			dependencies = (
				0807D43F20BD6947009D413F /* PBXTargetDependency */,
			);
			name = ConnectFourUITests;
			productName = ConnectFourUITests;
			productReference = 0807D43D20BD6947009D413F /* ConnectFourUITests.xctest */;
			productType = "com.apple.product-type.bundle.ui-testing";
		};
/* End PBXNativeTarget section */

/* Begin PBXProject section */
		0807D41620BD6946009D413F /* Project object */ = {
			isa = PBXProject;
			attributes = {
				LastSwiftUpdateCheck = 0920;
				LastUpgradeCheck = 0920;
				ORGANIZATIONNAME = "Jahid Hassan";
				TargetAttributes = {
					0807D41D20BD6946009D413F = {
						CreatedOnToolsVersion = 9.2;
						ProvisioningStyle = Automatic;
					};
					0807D43120BD6947009D413F = {
						CreatedOnToolsVersion = 9.2;
						ProvisioningStyle = Automatic;
						TestTargetID = 0807D41D20BD6946009D413F;
					};
					0807D43C20BD6947009D413F = {
						CreatedOnToolsVersion = 9.2;
						ProvisioningStyle = Automatic;
						TestTargetID = 0807D41D20BD6946009D413F;
					};
				};
			};
			buildConfigurationList = 0807D41920BD6946009D413F /* Build configuration list for PBXProject "ConnectFour" */;
			compatibilityVersion = "Xcode 8.0";
			developmentRegion = en;
			hasScannedForEncodings = 0;
			knownRegions = (
				en,
				Base,
			);
			mainGroup = 0807D41520BD6946009D413F;
			productRefGroup = 0807D41F20BD6946009D413F /* Products */;
			projectDirPath = "";
			projectRoot = "";
			targets = (
				0807D41D20BD6946009D413F /* ConnectFour */,
				0807D43120BD6947009D413F /* ConnectFourTests */,
				0807D43C20BD6947009D413F /* ConnectFourUITests */,
			);
		};
/* End PBXProject section */

/* Begin PBXResourcesBuildPhase section */
		0807D41C20BD6946009D413F /* Resources */ = {
			isa = PBXResourcesBuildPhase;
			buildActionMask = 2147483647;
			files = (
				0807D42C20BD6946009D413F /* LaunchScreen.storyboard in Resources */,
				0807D42920BD6946009D413F /* Assets.xcassets in Resources */,
				0807D42720BD6946009D413F /* Main.storyboard in Resources */,
			);
			runOnlyForDeploymentPostprocessing = 0;
		};
		0807D43020BD6947009D413F /* Resources */ = {
			isa = PBXResourcesBuildPhase;
			buildActionMask = 2147483647;
			files = (
			);
			runOnlyForDeploymentPostprocessing = 0;
		};
		0807D43B20BD6947009D413F /* Resources */ = {
			isa = PBXResourcesBuildPhase;
			buildActionMask = 2147483647;
			files = (
			);
			runOnlyForDeploymentPostprocessing = 0;
		};
/* End PBXResourcesBuildPhase section */

/* Begin PBXShellScriptBuildPhase section */
		081A567E2348660D0085C130 /* ShellScript */ = {
			isa = PBXShellScriptBuildPhase;
			buildActionMask = 8;
			files = (
			);
			inputFileListPaths = (
			);
			inputPaths = (
				"$(SRCROOT)/Carthage/Build/iOS/RxSwift.framework",
				"$(SRCROOT)/Carthage/Build/iOS/RxRelay.framework",
				"$(SRCROOT)/Carthage/Build/iOS/RxCocoa.framework",
				"$(SRCROOT)/Carthage/Build/iOS/SVProgressHUD.framework",
			);
			outputFileListPaths = (
			);
			outputPaths = (
			);
			runOnlyForDeploymentPostprocessing = 1;
			shellPath = /bin/sh;
			shellScript = "/usr/local/bin/carthage copy-frameworks\n";
		};
		25EBFD6CDB6259A55D8C3036 /* [CP] Check Pods Manifest.lock */ = {
			isa = PBXShellScriptBuildPhase;
			buildActionMask = 2147483647;
			files = (
			);
			inputPaths = (
				"${PODS_PODFILE_DIR_PATH}/Podfile.lock",
				"${PODS_ROOT}/Manifest.lock",
			);
			name = "[CP] Check Pods Manifest.lock";
			outputPaths = (
				"$(DERIVED_FILE_DIR)/Pods-ConnectFourUITests-checkManifestLockResult.txt",
			);
			runOnlyForDeploymentPostprocessing = 0;
			shellPath = /bin/sh;
			shellScript = "diff \"${PODS_PODFILE_DIR_PATH}/Podfile.lock\" \"${PODS_ROOT}/Manifest.lock\" > /dev/null\nif [ $? != 0 ] ; then\n    # print error to STDERR\n    echo \"error: The sandbox is not in sync with the Podfile.lock. Run 'pod install' or update your CocoaPods installation.\" >&2\n    exit 1\nfi\n# This output is used by Xcode 'outputs' to avoid re-running this script phase.\necho \"SUCCESS\" > \"${SCRIPT_OUTPUT_FILE_0}\"\n";
			showEnvVarsInLog = 0;
		};
		502B87E4CD2569A2FEB5EA2A /* [CP] Copy Pods Resources */ = {
			isa = PBXShellScriptBuildPhase;
			buildActionMask = 2147483647;
			files = (
			);
			inputPaths = (
			);
			name = "[CP] Copy Pods Resources";
			outputPaths = (
			);
			runOnlyForDeploymentPostprocessing = 0;
			shellPath = /bin/sh;
			shellScript = "\"${SRCROOT}/Pods/Target Support Files/Pods-ConnectFourTests/Pods-ConnectFourTests-resources.sh\"\n";
			showEnvVarsInLog = 0;
		};
		523C3BB88D7694F78B80F7FD /* [CP] Embed Pods Frameworks */ = {
			isa = PBXShellScriptBuildPhase;
			buildActionMask = 2147483647;
			files = (
			);
			inputPaths = (
			);
			name = "[CP] Embed Pods Frameworks";
			outputPaths = (
			);
			runOnlyForDeploymentPostprocessing = 0;
			shellPath = /bin/sh;
			shellScript = "\"${SRCROOT}/Pods/Target Support Files/Pods-ConnectFourTests/Pods-ConnectFourTests-frameworks.sh\"\n";
			showEnvVarsInLog = 0;
		};
		6454142221A1FD8A71BF9F7C /* [CP] Copy Pods Resources */ = {
			isa = PBXShellScriptBuildPhase;
			buildActionMask = 2147483647;
			files = (
			);
			inputPaths = (
			);
			name = "[CP] Copy Pods Resources";
			outputPaths = (
			);
			runOnlyForDeploymentPostprocessing = 0;
			shellPath = /bin/sh;
			shellScript = "\"${SRCROOT}/Pods/Target Support Files/Pods-ConnectFourUITests/Pods-ConnectFourUITests-resources.sh\"\n";
			showEnvVarsInLog = 0;
		};
		D1AF10423CB58485B6E19967 /* [CP] Embed Pods Frameworks */ = {
			isa = PBXShellScriptBuildPhase;
			buildActionMask = 2147483647;
			files = (
			);
			inputPaths = (
			);
			name = "[CP] Embed Pods Frameworks";
			outputPaths = (
			);
			runOnlyForDeploymentPostprocessing = 0;
			shellPath = /bin/sh;
			shellScript = "\"${SRCROOT}/Pods/Target Support Files/Pods-ConnectFourUITests/Pods-ConnectFourUITests-frameworks.sh\"\n";
			showEnvVarsInLog = 0;
		};
		D445D94FB14814D0770080A3 /* [CP] Check Pods Manifest.lock */ = {
			isa = PBXShellScriptBuildPhase;
			buildActionMask = 2147483647;
			files = (
			);
			inputPaths = (
				"${PODS_PODFILE_DIR_PATH}/Podfile.lock",
				"${PODS_ROOT}/Manifest.lock",
			);
			name = "[CP] Check Pods Manifest.lock";
			outputPaths = (
				"$(DERIVED_FILE_DIR)/Pods-ConnectFourTests-checkManifestLockResult.txt",
			);
			runOnlyForDeploymentPostprocessing = 0;
			shellPath = /bin/sh;
			shellScript = "diff \"${PODS_PODFILE_DIR_PATH}/Podfile.lock\" \"${PODS_ROOT}/Manifest.lock\" > /dev/null\nif [ $? != 0 ] ; then\n    # print error to STDERR\n    echo \"error: The sandbox is not in sync with the Podfile.lock. Run 'pod install' or update your CocoaPods installation.\" >&2\n    exit 1\nfi\n# This output is used by Xcode 'outputs' to avoid re-running this script phase.\necho \"SUCCESS\" > \"${SCRIPT_OUTPUT_FILE_0}\"\n";
			showEnvVarsInLog = 0;
		};
/* End PBXShellScriptBuildPhase section */

/* Begin PBXSourcesBuildPhase section */
		0807D41A20BD6946009D413F /* Sources */ = {
			isa = PBXSourcesBuildPhase;
			buildActionMask = 2147483647;
			files = (
				08B7A48920BEC30300AE7642 /* Player.swift in Sources */,
				081A568D23487B8A0085C130 /* Constants.swift in Sources */,
				08B7A49320BED30100AE7642 /* GameConfig.swift in Sources */,
				08B7A48D20BEC36B00AE7642 /* Chip.swift in Sources */,
				081A5691234882220085C130 /* ViewModelProtocol.swift in Sources */,
				08B7A48720BEC29E00AE7642 /* GameViewModel.swift in Sources */,
				0816C68821B9A3C100B8DAFD /* GameController.swift in Sources */,
				0818D939234F2244000F49D8 /* SVProgressHUD+Rx.swift in Sources */,
				081A568F23487E890085C130 /* GameError.swift in Sources */,
				0818D93B234F4D27000F49D8 /* GameProtocol.swift in Sources */,
				08B7A49120BED1E500AE7642 /* BlackistAPI.swift in Sources */,
				08B7A48F20BEC42800AE7642 /* Utils.swift in Sources */,
				08B7A48B20BEC33700AE7642 /* Game.swift in Sources */,
				0807D42220BD6946009D413F /* AppDelegate.swift in Sources */,
				081A568A23487A6A0085C130 /* ServiceProtocol.swift in Sources */,
			);
			runOnlyForDeploymentPostprocessing = 0;
		};
		0807D42E20BD6947009D413F /* Sources */ = {
			isa = PBXSourcesBuildPhase;
			buildActionMask = 2147483647;
			files = (
				0807D43720BD6947009D413F /* ConnectFourTests.swift in Sources */,
			);
			runOnlyForDeploymentPostprocessing = 0;
		};
		0807D43920BD6947009D413F /* Sources */ = {
			isa = PBXSourcesBuildPhase;
			buildActionMask = 2147483647;
			files = (
				0807D44220BD6947009D413F /* ConnectFourUITests.swift in Sources */,
			);
			runOnlyForDeploymentPostprocessing = 0;
		};
/* End PBXSourcesBuildPhase section */

/* Begin PBXTargetDependency section */
		0807D43420BD6947009D413F /* PBXTargetDependency */ = {
			isa = PBXTargetDependency;
			target = 0807D41D20BD6946009D413F /* ConnectFour */;
			targetProxy = 0807D43320BD6947009D413F /* PBXContainerItemProxy */;
		};
		0807D43F20BD6947009D413F /* PBXTargetDependency */ = {
			isa = PBXTargetDependency;
			target = 0807D41D20BD6946009D413F /* ConnectFour */;
			targetProxy = 0807D43E20BD6947009D413F /* PBXContainerItemProxy */;
		};
/* End PBXTargetDependency section */

/* Begin PBXVariantGroup section */
		0807D42520BD6946009D413F /* Main.storyboard */ = {
			isa = PBXVariantGroup;
			children = (
				0807D42620BD6946009D413F /* Base */,
			);
			name = Main.storyboard;
			sourceTree = "<group>";
		};
		0807D42A20BD6946009D413F /* LaunchScreen.storyboard */ = {
			isa = PBXVariantGroup;
			children = (
				0807D42B20BD6946009D413F /* Base */,
			);
			name = LaunchScreen.storyboard;
			sourceTree = "<group>";
		};
/* End PBXVariantGroup section */

/* Begin XCBuildConfiguration section */
		0807D44420BD6947009D413F /* Debug */ = {
			isa = XCBuildConfiguration;
			buildSettings = {
				ALWAYS_SEARCH_USER_PATHS = NO;
				CLANG_ANALYZER_NONNULL = YES;
				CLANG_ANALYZER_NUMBER_OBJECT_CONVERSION = YES_AGGRESSIVE;
				CLANG_CXX_LANGUAGE_STANDARD = "gnu++14";
				CLANG_CXX_LIBRARY = "libc++";
				CLANG_ENABLE_MODULES = YES;
				CLANG_ENABLE_OBJC_ARC = YES;
				CLANG_WARN_BLOCK_CAPTURE_AUTORELEASING = YES;
				CLANG_WARN_BOOL_CONVERSION = YES;
				CLANG_WARN_COMMA = YES;
				CLANG_WARN_CONSTANT_CONVERSION = YES;
				CLANG_WARN_DIRECT_OBJC_ISA_USAGE = YES_ERROR;
				CLANG_WARN_DOCUMENTATION_COMMENTS = YES;
				CLANG_WARN_EMPTY_BODY = YES;
				CLANG_WARN_ENUM_CONVERSION = YES;
				CLANG_WARN_INFINITE_RECURSION = YES;
				CLANG_WARN_INT_CONVERSION = YES;
				CLANG_WARN_NON_LITERAL_NULL_CONVERSION = YES;
				CLANG_WARN_OBJC_LITERAL_CONVERSION = YES;
				CLANG_WARN_OBJC_ROOT_CLASS = YES_ERROR;
				CLANG_WARN_RANGE_LOOP_ANALYSIS = YES;
				CLANG_WARN_STRICT_PROTOTYPES = YES;
				CLANG_WARN_SUSPICIOUS_MOVE = YES;
				CLANG_WARN_UNGUARDED_AVAILABILITY = YES_AGGRESSIVE;
				CLANG_WARN_UNREACHABLE_CODE = YES;
				CLANG_WARN__DUPLICATE_METHOD_MATCH = YES;
				CODE_SIGN_IDENTITY = "iPhone Developer";
				COPY_PHASE_STRIP = NO;
				DEBUG_INFORMATION_FORMAT = dwarf;
				ENABLE_STRICT_OBJC_MSGSEND = YES;
				ENABLE_TESTABILITY = YES;
				GCC_C_LANGUAGE_STANDARD = gnu11;
				GCC_DYNAMIC_NO_PIC = NO;
				GCC_NO_COMMON_BLOCKS = YES;
				GCC_OPTIMIZATION_LEVEL = 0;
				GCC_PREPROCESSOR_DEFINITIONS = (
					"DEBUG=1",
					"$(inherited)",
				);
				GCC_WARN_64_TO_32_BIT_CONVERSION = YES;
				GCC_WARN_ABOUT_RETURN_TYPE = YES_ERROR;
				GCC_WARN_UNDECLARED_SELECTOR = YES;
				GCC_WARN_UNINITIALIZED_AUTOS = YES_AGGRESSIVE;
				GCC_WARN_UNUSED_FUNCTION = YES;
				GCC_WARN_UNUSED_VARIABLE = YES;
				IPHONEOS_DEPLOYMENT_TARGET = 10;
				MTL_ENABLE_DEBUG_INFO = YES;
				ONLY_ACTIVE_ARCH = YES;
				SDKROOT = iphoneos;
				SWIFT_ACTIVE_COMPILATION_CONDITIONS = DEBUG;
				SWIFT_OPTIMIZATION_LEVEL = "-Onone";
			};
			name = Debug;
		};
		0807D44520BD6947009D413F /* Release */ = {
			isa = XCBuildConfiguration;
			buildSettings = {
				ALWAYS_SEARCH_USER_PATHS = NO;
				CLANG_ANALYZER_NONNULL = YES;
				CLANG_ANALYZER_NUMBER_OBJECT_CONVERSION = YES_AGGRESSIVE;
				CLANG_CXX_LANGUAGE_STANDARD = "gnu++14";
				CLANG_CXX_LIBRARY = "libc++";
				CLANG_ENABLE_MODULES = YES;
				CLANG_ENABLE_OBJC_ARC = YES;
				CLANG_WARN_BLOCK_CAPTURE_AUTORELEASING = YES;
				CLANG_WARN_BOOL_CONVERSION = YES;
				CLANG_WARN_COMMA = YES;
				CLANG_WARN_CONSTANT_CONVERSION = YES;
				CLANG_WARN_DIRECT_OBJC_ISA_USAGE = YES_ERROR;
				CLANG_WARN_DOCUMENTATION_COMMENTS = YES;
				CLANG_WARN_EMPTY_BODY = YES;
				CLANG_WARN_ENUM_CONVERSION = YES;
				CLANG_WARN_INFINITE_RECURSION = YES;
				CLANG_WARN_INT_CONVERSION = YES;
				CLANG_WARN_NON_LITERAL_NULL_CONVERSION = YES;
				CLANG_WARN_OBJC_LITERAL_CONVERSION = YES;
				CLANG_WARN_OBJC_ROOT_CLASS = YES_ERROR;
				CLANG_WARN_RANGE_LOOP_ANALYSIS = YES;
				CLANG_WARN_STRICT_PROTOTYPES = YES;
				CLANG_WARN_SUSPICIOUS_MOVE = YES;
				CLANG_WARN_UNGUARDED_AVAILABILITY = YES_AGGRESSIVE;
				CLANG_WARN_UNREACHABLE_CODE = YES;
				CLANG_WARN__DUPLICATE_METHOD_MATCH = YES;
				CODE_SIGN_IDENTITY = "iPhone Developer";
				COPY_PHASE_STRIP = NO;
				DEBUG_INFORMATION_FORMAT = "dwarf-with-dsym";
				ENABLE_NS_ASSERTIONS = NO;
				ENABLE_STRICT_OBJC_MSGSEND = YES;
				GCC_C_LANGUAGE_STANDARD = gnu11;
				GCC_NO_COMMON_BLOCKS = YES;
				GCC_WARN_64_TO_32_BIT_CONVERSION = YES;
				GCC_WARN_ABOUT_RETURN_TYPE = YES_ERROR;
				GCC_WARN_UNDECLARED_SELECTOR = YES;
				GCC_WARN_UNINITIALIZED_AUTOS = YES_AGGRESSIVE;
				GCC_WARN_UNUSED_FUNCTION = YES;
				GCC_WARN_UNUSED_VARIABLE = YES;
				IPHONEOS_DEPLOYMENT_TARGET = 10;
				MTL_ENABLE_DEBUG_INFO = NO;
				SDKROOT = iphoneos;
				SWIFT_OPTIMIZATION_LEVEL = "-Owholemodule";
				VALIDATE_PRODUCT = YES;
			};
			name = Release;
		};
		0807D44720BD6947009D413F /* Debug */ = {
			isa = XCBuildConfiguration;
			buildSettings = {
				ASSETCATALOG_COMPILER_APPICON_NAME = AppIcon;
				CODE_SIGN_STYLE = Automatic;
				DEVELOPMENT_TEAM = Z26XZJBBF2;
				FRAMEWORK_SEARCH_PATHS = (
					"$(inherited)",
					"$(PROJECT_DIR)/Carthage/Build/iOS",
				);
				INFOPLIST_FILE = ConnectFour/Info.plist;
				LD_RUNPATH_SEARCH_PATHS = "$(inherited) @executable_path/Frameworks";
				PRODUCT_BUNDLE_IDENTIFIER = com.blinkist.ConnectFour;
				PRODUCT_NAME = "$(TARGET_NAME)";
				SWIFT_VERSION = 4.0;
				TARGETED_DEVICE_FAMILY = 2;
			};
			name = Debug;
		};
		0807D44820BD6947009D413F /* Release */ = {
			isa = XCBuildConfiguration;
			buildSettings = {
				ASSETCATALOG_COMPILER_APPICON_NAME = AppIcon;
				CODE_SIGN_STYLE = Automatic;
				DEVELOPMENT_TEAM = Z26XZJBBF2;
				FRAMEWORK_SEARCH_PATHS = (
					"$(inherited)",
					"$(PROJECT_DIR)/Carthage/Build/iOS",
				);
				INFOPLIST_FILE = ConnectFour/Info.plist;
				LD_RUNPATH_SEARCH_PATHS = "$(inherited) @executable_path/Frameworks";
				PRODUCT_BUNDLE_IDENTIFIER = com.blinkist.ConnectFour;
				PRODUCT_NAME = "$(TARGET_NAME)";
				SWIFT_VERSION = 4.0;
				TARGETED_DEVICE_FAMILY = 2;
			};
			name = Release;
		};
		0807D44A20BD6947009D413F /* Debug */ = {
			isa = XCBuildConfiguration;
			buildSettings = {
				ALWAYS_EMBED_SWIFT_STANDARD_LIBRARIES = YES;
				BUNDLE_LOADER = "$(TEST_HOST)";
				CODE_SIGN_STYLE = Automatic;
				DEVELOPMENT_TEAM = Z26XZJBBF2;
				INFOPLIST_FILE = ConnectFourTests/Info.plist;
				LD_RUNPATH_SEARCH_PATHS = "$(inherited) @executable_path/Frameworks @loader_path/Frameworks";
				PRODUCT_BUNDLE_IDENTIFIER = com.blinkist.ConnectFourTests;
				PRODUCT_NAME = "$(TARGET_NAME)";
				SWIFT_VERSION = 4.0;
				TARGETED_DEVICE_FAMILY = "1,2";
				TEST_HOST = "$(BUILT_PRODUCTS_DIR)/ConnectFour.app/ConnectFour";
			};
			name = Debug;
		};
		0807D44B20BD6947009D413F /* Release */ = {
			isa = XCBuildConfiguration;
			buildSettings = {
				ALWAYS_EMBED_SWIFT_STANDARD_LIBRARIES = YES;
				BUNDLE_LOADER = "$(TEST_HOST)";
				CODE_SIGN_STYLE = Automatic;
				DEVELOPMENT_TEAM = Z26XZJBBF2;
				INFOPLIST_FILE = ConnectFourTests/Info.plist;
				LD_RUNPATH_SEARCH_PATHS = "$(inherited) @executable_path/Frameworks @loader_path/Frameworks";
				PRODUCT_BUNDLE_IDENTIFIER = com.blinkist.ConnectFourTests;
				PRODUCT_NAME = "$(TARGET_NAME)";
				SWIFT_VERSION = 4.0;
				TARGETED_DEVICE_FAMILY = "1,2";
				TEST_HOST = "$(BUILT_PRODUCTS_DIR)/ConnectFour.app/ConnectFour";
			};
			name = Release;
		};
		0807D44D20BD6947009D413F /* Debug */ = {
			isa = XCBuildConfiguration;
			buildSettings = {
				ALWAYS_EMBED_SWIFT_STANDARD_LIBRARIES = YES;
				CODE_SIGN_STYLE = Automatic;
				DEVELOPMENT_TEAM = Z26XZJBBF2;
				INFOPLIST_FILE = ConnectFourUITests/Info.plist;
				LD_RUNPATH_SEARCH_PATHS = "$(inherited) @executable_path/Frameworks @loader_path/Frameworks";
				PRODUCT_BUNDLE_IDENTIFIER = com.blinkist.ConnectFourUITests;
				PRODUCT_NAME = "$(TARGET_NAME)";
				SWIFT_VERSION = 4.0;
				TARGETED_DEVICE_FAMILY = "1,2";
				TEST_TARGET_NAME = ConnectFour;
			};
			name = Debug;
		};
		0807D44E20BD6947009D413F /* Release */ = {
			isa = XCBuildConfiguration;
			buildSettings = {
				ALWAYS_EMBED_SWIFT_STANDARD_LIBRARIES = YES;
				CODE_SIGN_STYLE = Automatic;
				DEVELOPMENT_TEAM = Z26XZJBBF2;
				INFOPLIST_FILE = ConnectFourUITests/Info.plist;
				LD_RUNPATH_SEARCH_PATHS = "$(inherited) @executable_path/Frameworks @loader_path/Frameworks";
				PRODUCT_BUNDLE_IDENTIFIER = com.blinkist.ConnectFourUITests;
				PRODUCT_NAME = "$(TARGET_NAME)";
				SWIFT_VERSION = 4.0;
				TARGETED_DEVICE_FAMILY = "1,2";
				TEST_TARGET_NAME = ConnectFour;
			};
			name = Release;
		};
/* End XCBuildConfiguration section */

/* Begin XCConfigurationList section */
		0807D41920BD6946009D413F /* Build configuration list for PBXProject "ConnectFour" */ = {
			isa = XCConfigurationList;
			buildConfigurations = (
				0807D44420BD6947009D413F /* Debug */,
				0807D44520BD6947009D413F /* Release */,
			);
			defaultConfigurationIsVisible = 0;
			defaultConfigurationName = Release;
		};
		0807D44620BD6947009D413F /* Build configuration list for PBXNativeTarget "ConnectFour" */ = {
			isa = XCConfigurationList;
			buildConfigurations = (
				0807D44720BD6947009D413F /* Debug */,
				0807D44820BD6947009D413F /* Release */,
			);
			defaultConfigurationIsVisible = 0;
			defaultConfigurationName = Release;
		};
		0807D44920BD6947009D413F /* Build configuration list for PBXNativeTarget "ConnectFourTests" */ = {
			isa = XCConfigurationList;
			buildConfigurations = (
				0807D44A20BD6947009D413F /* Debug */,
				0807D44B20BD6947009D413F /* Release */,
			);
			defaultConfigurationIsVisible = 0;
			defaultConfigurationName = Release;
		};
		0807D44C20BD6947009D413F /* Build configuration list for PBXNativeTarget "ConnectFourUITests" */ = {
			isa = XCConfigurationList;
			buildConfigurations = (
				0807D44D20BD6947009D413F /* Debug */,
				0807D44E20BD6947009D413F /* Release */,
			);
			defaultConfigurationIsVisible = 0;
			defaultConfigurationName = Release;
		};
/* End XCConfigurationList section */
	};
	rootObject = 0807D41620BD6946009D413F /* Project object */;
}
